
Microsoft Visual Studio Solution File, Format Version 12.00
# Visual Studio Version 16
VisualStudioVersion = 16.0.30804.86
MinimumVisualStudioVersion = 10.0.40219.1
Project("{8BC9CEB8-8B4A-11D0-8D11-00A0C91BC942}") = "ghj'rn vvl g31", "ghj'rn vvl g31.vcxproj", "{00AFD9FC-2BE5-49FC-9E36-656DFB56A23B}"
EndProject
Global
	GlobalSection(SolutionConfigurationPlatforms) = preSolution
		Debug|x64 = Debug|x64
		Debug|x86 = Debug|x86
		Release|x64 = Release|x64
		Release|x86 = Release|x86
	EndGlobalSection
	GlobalSection(ProjectConfigurationPlatforms) = postSolution
		{00AFD9FC-2BE5-49FC-9E36-656DFB56A23B}.Debug|x64.ActiveCfg = Debug|x64
		{00AFD9FC-2BE5-49FC-9E36-656DFB56A23B}.Debug|x64.Build.0 = Debug|x64
		{00AFD9FC-2BE5-49FC-9E36-656DFB56A23B}.Debug|x86.ActiveCfg = Debug|Win32
		{00AFD9FC-2BE5-49FC-9E36-656DFB56A23B}.Debug|x86.Build.0 = Debug|Win32
		{00AFD9FC-2BE5-49FC-9E36-656DFB56A23B}.Release|x64.ActiveCfg = Release|x64
		{00AFD9FC-2BE5-49FC-9E36-656DFB56A23B}.Release|x64.Build.0 = Release|x64
		{00AFD9FC-2BE5-49FC-9E36-656DFB56A23B}.Release|x86.ActiveCfg = Release|Win32
		{00AFD9FC-2BE5-49FC-9E36-656DFB56A23B}.Release|x86.Build.0 = Release|Win32
	EndGlobalSection
	GlobalSection(SolutionProperties) = preSolution
		HideSolutionNode = FALSE
	EndGlobalSection
	GlobalSection(ExtensibilityGlobals) = postSolution
		SolutionGuid = {443FF6D0-F487-4877-9915-C56E5A33BD0A}
	EndGlobalSection
EndGlobal
